
Microsoft Visual Studio Solution File, Format Version 12.00
# Visual Studio 15
VisualStudioVersion = 15.0.28307.852
MinimumVisualStudioVersion = 10.0.40219.1
Project("{FAE04EC0-301F-11D3-BF4B-00C04F79EFBC}") = "HayesDillonApp.Android", "HayesDillonApp\HayesDillonApp.Android\HayesDillonApp.Android.csproj", "{77B72A5F-CBA1-4749-A206-FD5A7CB44E47}"
EndProject
Project("{FAE04EC0-301F-11D3-BF4B-00C04F79EFBC}") = "HayesDillonApp.iOS", "HayesDillonApp\HayesDillonApp.iOS\HayesDillonApp.iOS.csproj", "{FB18EB8F-9229-43C4-B556-1A72EB97396C}"
EndProject
Project("{FAE04EC0-301F-11D3-BF4B-00C04F79EFBC}") = "HayesDillonApp.UWP", "HayesDillonApp\HayesDillonApp.UWP\HayesDillonApp.UWP.csproj", "{4C0A0D99-C6E8-45BF-A0C1-E2C1E5D9445E}"
EndProject
Project("{FAE04EC0-301F-11D3-BF4B-00C04F79EFBC}") = "HayesDillonApp", "HayesDillonApp\HayesDillonApp\HayesDillonApp.csproj", "{0486A4A9-5C8A-4331-84D9-1A29BA1A4AAE}"
EndProject
Global
	GlobalSection(SolutionConfigurationPlatforms) = preSolution
		Ad-Hoc|Any CPU = Ad-Hoc|Any CPU
		Ad-Hoc|ARM = Ad-Hoc|ARM
		Ad-Hoc|iPhone = Ad-Hoc|iPhone
		Ad-Hoc|iPhoneSimulator = Ad-Hoc|iPhoneSimulator
		Ad-Hoc|x64 = Ad-Hoc|x64
		Ad-Hoc|x86 = Ad-Hoc|x86
		AppStore|Any CPU = AppStore|Any CPU
		AppStore|ARM = AppStore|ARM
		AppStore|iPhone = AppStore|iPhone
		AppStore|iPhoneSimulator = AppStore|iPhoneSimulator
		AppStore|x64 = AppStore|x64
		AppStore|x86 = AppStore|x86
		Debug|Any CPU = Debug|Any CPU
		Debug|ARM = Debug|ARM
		Debug|iPhone = Debug|iPhone
		Debug|iPhoneSimulator = Debug|iPhoneSimulator
		Debug|x64 = Debug|x64
		Debug|x86 = Debug|x86
		Release|Any CPU = Release|Any CPU
		Release|ARM = Release|ARM
		Release|iPhone = Release|iPhone
		Release|iPhoneSimulator = Release|iPhoneSimulator
		Release|x64 = Release|x64
		Release|x86 = Release|x86
	EndGlobalSection
	GlobalSection(ProjectConfigurationPlatforms) = postSolution
		{77B72A5F-CBA1-4749-A206-FD5A7CB44E47}.Ad-Hoc|Any CPU.ActiveCfg = Release|Any CPU
		{77B72A5F-CBA1-4749-A206-FD5A7CB44E47}.Ad-Hoc|Any CPU.Build.0 = Release|Any CPU
		{77B72A5F-CBA1-4749-A206-FD5A7CB44E47}.Ad-Hoc|Any CPU.Deploy.0 = Release|Any CPU
		{77B72A5F-CBA1-4749-A206-FD5A7CB44E47}.Ad-Hoc|ARM.ActiveCfg = Release|Any CPU
		{77B72A5F-CBA1-4749-A206-FD5A7CB44E47}.Ad-Hoc|ARM.Build.0 = Release|Any CPU
		{77B72A5F-CBA1-4749-A206-FD5A7CB44E47}.Ad-Hoc|ARM.Deploy.0 = Release|Any CPU
		{77B72A5F-CBA1-4749-A206-FD5A7CB44E47}.Ad-Hoc|iPhone.ActiveCfg = Release|Any CPU
		{77B72A5F-CBA1-4749-A206-FD5A7CB44E47}.Ad-Hoc|iPhone.Build.0 = Release|Any CPU
		{77B72A5F-CBA1-4749-A206-FD5A7CB44E47}.Ad-Hoc|iPhone.Deploy.0 = Release|Any CPU
		{77B72A5F-CBA1-4749-A206-FD5A7CB44E47}.Ad-Hoc|iPhoneSimulator.ActiveCfg = Release|Any CPU
		{77B72A5F-CBA1-4749-A206-FD5A7CB44E47}.Ad-Hoc|iPhoneSimulator.Build.0 = Release|Any CPU
		{77B72A5F-CBA1-4749-A206-FD5A7CB44E47}.Ad-Hoc|iPhoneSimulator.Deploy.0 = Release|Any CPU
		{77B72A5F-CBA1-4749-A206-FD5A7CB44E47}.Ad-Hoc|x64.ActiveCfg = Release|Any CPU
		{77B72A5F-CBA1-4749-A206-FD5A7CB44E47}.Ad-Hoc|x64.Build.0 = Release|Any CPU
		{77B72A5F-CBA1-4749-A206-FD5A7CB44E47}.Ad-Hoc|x64.Deploy.0 = Release|Any CPU
		{77B72A5F-CBA1-4749-A206-FD5A7CB44E47}.Ad-Hoc|x86.ActiveCfg = Release|Any CPU
		{77B72A5F-CBA1-4749-A206-FD5A7CB44E47}.Ad-Hoc|x86.Build.0 = Release|Any CPU
		{77B72A5F-CBA1-4749-A206-FD5A7CB44E47}.Ad-Hoc|x86.Deploy.0 = Release|Any CPU
		{77B72A5F-CBA1-4749-A206-FD5A7CB44E47}.AppStore|Any CPU.ActiveCfg = Release|Any CPU
		{77B72A5F-CBA1-4749-A206-FD5A7CB44E47}.AppStore|Any CPU.Build.0 = Release|Any CPU
		{77B72A5F-CBA1-4749-A206-FD5A7CB44E47}.AppStore|Any CPU.Deploy.0 = Release|Any CPU
		{77B72A5F-CBA1-4749-A206-FD5A7CB44E47}.AppStore|ARM.ActiveCfg = Release|Any CPU
		{77B72A5F-CBA1-4749-A206-FD5A7CB44E47}.AppStore|ARM.Build.0 = Release|Any CPU
		{77B72A5F-CBA1-4749-A206-FD5A7CB44E47}.AppStore|ARM.Deploy.0 = Release|Any CPU
		{77B72A5F-CBA1-4749-A206-FD5A7CB44E47}.AppStore|iPhone.ActiveCfg = Release|Any CPU
		{77B72A5F-CBA1-4749-A206-FD5A7CB44E47}.AppStore|iPhone.Build.0 = Release|Any CPU
		{77B72A5F-CBA1-4749-A206-FD5A7CB44E47}.AppStore|iPhone.Deploy.0 = Release|Any CPU
		{77B72A5F-CBA1-4749-A206-FD5A7CB44E47}.AppStore|iPhoneSimulator.ActiveCfg = Release|Any CPU
		{77B72A5F-CBA1-4749-A206-FD5A7CB44E47}.AppStore|iPhoneSimulator.Build.0 = Release|Any CPU
		{77B72A5F-CBA1-4749-A206-FD5A7CB44E47}.AppStore|iPhoneSimulator.Deploy.0 = Release|Any CPU
		{77B72A5F-CBA1-4749-A206-FD5A7CB44E47}.AppStore|x64.ActiveCfg = Release|Any CPU
		{77B72A5F-CBA1-4749-A206-FD5A7CB44E47}.AppStore|x64.Build.0 = Release|Any CPU
		{77B72A5F-CBA1-4749-A206-FD5A7CB44E47}.AppStore|x64.Deploy.0 = Release|Any CPU
		{77B72A5F-CBA1-4749-A206-FD5A7CB44E47}.AppStore|x86.ActiveCfg = Release|Any CPU
		{77B72A5F-CBA1-4749-A206-FD5A7CB44E47}.AppStore|x86.Build.0 = Release|Any CPU
		{77B72A5F-CBA1-4749-A206-FD5A7CB44E47}.AppStore|x86.Deploy.0 = Release|Any CPU
		{77B72A5F-CBA1-4749-A206-FD5A7CB44E47}.Debug|Any CPU.ActiveCfg = Debug|Any CPU
		{77B72A5F-CBA1-4749-A206-FD5A7CB44E47}.Debug|Any CPU.Build.0 = Debug|Any CPU
		{77B72A5F-CBA1-4749-A206-FD5A7CB44E47}.Debug|Any CPU.Deploy.0 = Debug|Any CPU
		{77B72A5F-CBA1-4749-A206-FD5A7CB44E47}.Debug|ARM.ActiveCfg = Debug|Any CPU
		{77B72A5F-CBA1-4749-A206-FD5A7CB44E47}.Debug|ARM.Build.0 = Debug|Any CPU
		{77B72A5F-CBA1-4749-A206-FD5A7CB44E47}.Debug|ARM.Deploy.0 = Debug|Any CPU
		{77B72A5F-CBA1-4749-A206-FD5A7CB44E47}.Debug|iPhone.ActiveCfg = Debug|Any CPU
		{77B72A5F-CBA1-4749-A206-FD5A7CB44E47}.Debug|iPhone.Build.0 = Debug|Any CPU
		{77B72A5F-CBA1-4749-A206-FD5A7CB44E47}.Debug|iPhone.Deploy.0 = Debug|Any CPU
		{77B72A5F-CBA1-4749-A206-FD5A7CB44E47}.Debug|iPhoneSimulator.ActiveCfg = Debug|Any CPU
		{77B72A5F-CBA1-4749-A206-FD5A7CB44E47}.Debug|iPhoneSimulator.Build.0 = Debug|Any CPU
		{77B72A5F-CBA1-4749-A206-FD5A7CB44E47}.Debug|iPhoneSimulator.Deploy.0 = Debug|Any CPU
		{77B72A5F-CBA1-4749-A206-FD5A7CB44E47}.Debug|x64.ActiveCfg = Debug|Any CPU
		{77B72A5F-CBA1-4749-A206-FD5A7CB44E47}.Debug|x64.Build.0 = Debug|Any CPU
		{77B72A5F-CBA1-4749-A206-FD5A7CB44E47}.Debug|x64.Deploy.0 = Debug|Any CPU
		{77B72A5F-CBA1-4749-A206-FD5A7CB44E47}.Debug|x86.ActiveCfg = Debug|Any CPU
		{77B72A5F-CBA1-4749-A206-FD5A7CB44E47}.Debug|x86.Build.0 = Debug|Any CPU
		{77B72A5F-CBA1-4749-A206-FD5A7CB44E47}.Debug|x86.Deploy.0 = Debug|Any CPU
		{77B72A5F-CBA1-4749-A206-FD5A7CB44E47}.Release|Any CPU.ActiveCfg = Release|Any CPU
		{77B72A5F-CBA1-4749-A206-FD5A7CB44E47}.Release|Any CPU.Build.0 = Release|Any CPU
		{77B72A5F-CBA1-4749-A206-FD5A7CB44E47}.Release|Any CPU.Deploy.0 = Release|Any CPU
		{77B72A5F-CBA1-4749-A206-FD5A7CB44E47}.Release|ARM.ActiveCfg = Release|Any CPU
		{77B72A5F-CBA1-4749-A206-FD5A7CB44E47}.Release|ARM.Build.0 = Release|Any CPU
		{77B72A5F-CBA1-4749-A206-FD5A7CB44E47}.Release|ARM.Deploy.0 = Release|Any CPU
		{77B72A5F-CBA1-4749-A206-FD5A7CB44E47}.Release|iPhone.ActiveCfg = Release|Any CPU
		{77B72A5F-CBA1-4749-A206-FD5A7CB44E47}.Release|iPhone.Build.0 = Release|Any CPU
		{77B72A5F-CBA1-4749-A206-FD5A7CB44E47}.Release|iPhone.Deploy.0 = Release|Any CPU
		{77B72A5F-CBA1-4749-A206-FD5A7CB44E47}.Release|iPhoneSimulator.ActiveCfg = Release|Any CPU
		{77B72A5F-CBA1-4749-A206-FD5A7CB44E47}.Release|iPhoneSimulator.Build.0 = Release|Any CPU
		{77B72A5F-CBA1-4749-A206-FD5A7CB44E47}.Release|iPhoneSimulator.Deploy.0 = Release|Any CPU
		{77B72A5F-CBA1-4749-A206-FD5A7CB44E47}.Release|x64.ActiveCfg = Release|Any CPU
		{77B72A5F-CBA1-4749-A206-FD5A7CB44E47}.Release|x64.Build.0 = Release|Any CPU
		{77B72A5F-CBA1-4749-A206-FD5A7CB44E47}.Release|x64.Deploy.0 = Release|Any CPU
		{77B72A5F-CBA1-4749-A206-FD5A7CB44E47}.Release|x86.ActiveCfg = Release|Any CPU
		{77B72A5F-CBA1-4749-A206-FD5A7CB44E47}.Release|x86.Build.0 = Release|Any CPU
		{77B72A5F-CBA1-4749-A206-FD5A7CB44E47}.Release|x86.Deploy.0 = Release|Any CPU
		{FB18EB8F-9229-43C4-B556-1A72EB97396C}.Ad-Hoc|Any CPU.ActiveCfg = Ad-Hoc|iPhone
		{FB18EB8F-9229-43C4-B556-1A72EB97396C}.Ad-Hoc|Any CPU.Build.0 = Ad-Hoc|iPhone
		{FB18EB8F-9229-43C4-B556-1A72EB97396C}.Ad-Hoc|Any CPU.Deploy.0 = Ad-Hoc|iPhone
		{FB18EB8F-9229-43C4-B556-1A72EB97396C}.Ad-Hoc|ARM.ActiveCfg = Ad-Hoc|iPhone
		{FB18EB8F-9229-43C4-B556-1A72EB97396C}.Ad-Hoc|ARM.Build.0 = Ad-Hoc|iPhone
		{FB18EB8F-9229-43C4-B556-1A72EB97396C}.Ad-Hoc|ARM.Deploy.0 = Ad-Hoc|iPhone
		{FB18EB8F-9229-43C4-B556-1A72EB97396C}.Ad-Hoc|iPhone.ActiveCfg = Ad-Hoc|iPhone
		{FB18EB8F-9229-43C4-B556-1A72EB97396C}.Ad-Hoc|iPhone.Build.0 = Ad-Hoc|iPhone
		{FB18EB8F-9229-43C4-B556-1A72EB97396C}.Ad-Hoc|iPhone.Deploy.0 = Ad-Hoc|iPhone
		{FB18EB8F-9229-43C4-B556-1A72EB97396C}.Ad-Hoc|iPhoneSimulator.ActiveCfg = Ad-Hoc|iPhoneSimulator
		{FB18EB8F-9229-43C4-B556-1A72EB97396C}.Ad-Hoc|iPhoneSimulator.Build.0 = Ad-Hoc|iPhoneSimulator
		{FB18EB8F-9229-43C4-B556-1A72EB97396C}.Ad-Hoc|iPhoneSimulator.Deploy.0 = Ad-Hoc|iPhoneSimulator
		{FB18EB8F-9229-43C4-B556-1A72EB97396C}.Ad-Hoc|x64.ActiveCfg = Ad-Hoc|iPhone
		{FB18EB8F-9229-43C4-B556-1A72EB97396C}.Ad-Hoc|x64.Build.0 = Ad-Hoc|iPhone
		{FB18EB8F-9229-43C4-B556-1A72EB97396C}.Ad-Hoc|x64.Deploy.0 = Ad-Hoc|iPhone
		{FB18EB8F-9229-43C4-B556-1A72EB97396C}.Ad-Hoc|x86.ActiveCfg = Ad-Hoc|iPhone
		{FB18EB8F-9229-43C4-B556-1A72EB97396C}.Ad-Hoc|x86.Build.0 = Ad-Hoc|iPhone
		{FB18EB8F-9229-43C4-B556-1A72EB97396C}.Ad-Hoc|x86.Deploy.0 = Ad-Hoc|iPhone
		{FB18EB8F-9229-43C4-B556-1A72EB97396C}.AppStore|Any CPU.ActiveCfg = AppStore|iPhone
		{FB18EB8F-9229-43C4-B556-1A72EB97396C}.AppStore|Any CPU.Build.0 = AppStore|iPhone
		{FB18EB8F-9229-43C4-B556-1A72EB97396C}.AppStore|Any CPU.Deploy.0 = AppStore|iPhone
		{FB18EB8F-9229-43C4-B556-1A72EB97396C}.AppStore|ARM.ActiveCfg = AppStore|iPhone
		{FB18EB8F-9229-43C4-B556-1A72EB97396C}.AppStore|ARM.Build.0 = AppStore|iPhone
		{FB18EB8F-9229-43C4-B556-1A72EB97396C}.AppStore|ARM.Deploy.0 = AppStore|iPhone
		{FB18EB8F-9229-43C4-B556-1A72EB97396C}.AppStore|iPhone.ActiveCfg = AppStore|iPhone
		{FB18EB8F-9229-43C4-B556-1A72EB97396C}.AppStore|iPhone.Build.0 = AppStore|iPhone
		{FB18EB8F-9229-43C4-B556-1A72EB97396C}.AppStore|iPhone.Deploy.0 = AppStore|iPhone
		{FB18EB8F-9229-43C4-B556-1A72EB97396C}.AppStore|iPhoneSimulator.ActiveCfg = AppStore|iPhoneSimulator
		{FB18EB8F-9229-43C4-B556-1A72EB97396C}.AppStore|iPhoneSimulator.Build.0 = AppStore|iPhoneSimulator
		{FB18EB8F-9229-43C4-B556-1A72EB97396C}.AppStore|iPhoneSimulator.Deploy.0 = AppStore|iPhoneSimulator
		{FB18EB8F-9229-43C4-B556-1A72EB97396C}.AppStore|x64.ActiveCfg = AppStore|iPhone
		{FB18EB8F-9229-43C4-B556-1A72EB97396C}.AppStore|x64.Build.0 = AppStore|iPhone
		{FB18EB8F-9229-43C4-B556-1A72EB97396C}.AppStore|x64.Deploy.0 = AppStore|iPhone
		{FB18EB8F-9229-43C4-B556-1A72EB97396C}.AppStore|x86.ActiveCfg = AppStore|iPhone
		{FB18EB8F-9229-43C4-B556-1A72EB97396C}.AppStore|x86.Build.0 = AppStore|iPhone
		{FB18EB8F-9229-43C4-B556-1A72EB97396C}.AppStore|x86.Deploy.0 = AppStore|iPhone
		{FB18EB8F-9229-43C4-B556-1A72EB97396C}.Debug|Any CPU.ActiveCfg = Debug|iPhoneSimulator
		{FB18EB8F-9229-43C4-B556-1A72EB97396C}.Debug|Any CPU.Build.0 = Debug|iPhoneSimulator
		{FB18EB8F-9229-43C4-B556-1A72EB97396C}.Debug|Any CPU.Deploy.0 = Debug|iPhoneSimulator
		{FB18EB8F-9229-43C4-B556-1A72EB97396C}.Debug|ARM.ActiveCfg = Debug|iPhone
		{FB18EB8F-9229-43C4-B556-1A72EB97396C}.Debug|ARM.Build.0 = Debug|iPhone
		{FB18EB8F-9229-43C4-B556-1A72EB97396C}.Debug|ARM.Deploy.0 = Debug|iPhone
		{FB18EB8F-9229-43C4-B556-1A72EB97396C}.Debug|iPhone.ActiveCfg = Debug|iPhone
		{FB18EB8F-9229-43C4-B556-1A72EB97396C}.Debug|iPhone.Build.0 = Debug|iPhone
		{FB18EB8F-9229-43C4-B556-1A72EB97396C}.Debug|iPhone.Deploy.0 = Debug|iPhone
		{FB18EB8F-9229-43C4-B556-1A72EB97396C}.Debug|iPhoneSimulator.ActiveCfg = Debug|iPhoneSimulator
		{FB18EB8F-9229-43C4-B556-1A72EB97396C}.Debug|iPhoneSimulator.Build.0 = Debug|iPhoneSimulator
		{FB18EB8F-9229-43C4-B556-1A72EB97396C}.Debug|iPhoneSimulator.Deploy.0 = Debug|iPhoneSimulator
		{FB18EB8F-9229-43C4-B556-1A72EB97396C}.Debug|x64.ActiveCfg = Debug|iPhone
		{FB18EB8F-9229-43C4-B556-1A72EB97396C}.Debug|x64.Build.0 = Debug|iPhone
		{FB18EB8F-9229-43C4-B556-1A72EB97396C}.Debug|x64.Deploy.0 = Debug|iPhone
		{FB18EB8F-9229-43C4-B556-1A72EB97396C}.Debug|x86.ActiveCfg = Debug|iPhone
		{FB18EB8F-9229-43C4-B556-1A72EB97396C}.Debug|x86.Build.0 = Debug|iPhone
		{FB18EB8F-9229-43C4-B556-1A72EB97396C}.Debug|x86.Deploy.0 = Debug|iPhone
		{FB18EB8F-9229-43C4-B556-1A72EB97396C}.Release|Any CPU.ActiveCfg = Release|iPhone
		{FB18EB8F-9229-43C4-B556-1A72EB97396C}.Release|Any CPU.Build.0 = Release|iPhone
		{FB18EB8F-9229-43C4-B556-1A72EB97396C}.Release|Any CPU.Deploy.0 = Release|iPhone
		{FB18EB8F-9229-43C4-B556-1A72EB97396C}.Release|ARM.ActiveCfg = Release|iPhone
		{FB18EB8F-9229-43C4-B556-1A72EB97396C}.Release|ARM.Build.0 = Release|iPhone
		{FB18EB8F-9229-43C4-B556-1A72EB97396C}.Release|ARM.Deploy.0 = Release|iPhone
		{FB18EB8F-9229-43C4-B556-1A72EB97396C}.Release|iPhone.ActiveCfg = Release|iPhone
		{FB18EB8F-9229-43C4-B556-1A72EB97396C}.Release|iPhone.Build.0 = Release|iPhone
		{FB18EB8F-9229-43C4-B556-1A72EB97396C}.Release|iPhone.Deploy.0 = Release|iPhone
		{FB18EB8F-9229-43C4-B556-1A72EB97396C}.Release|iPhoneSimulator.ActiveCfg = Release|iPhoneSimulator
		{FB18EB8F-9229-43C4-B556-1A72EB97396C}.Release|iPhoneSimulator.Build.0 = Release|iPhoneSimulator
		{FB18EB8F-9229-43C4-B556-1A72EB97396C}.Release|iPhoneSimulator.Deploy.0 = Release|iPhoneSimulator
		{FB18EB8F-9229-43C4-B556-1A72EB97396C}.Release|x64.ActiveCfg = Release|iPhone
		{FB18EB8F-9229-43C4-B556-1A72EB97396C}.Release|x64.Build.0 = Release|iPhone
		{FB18EB8F-9229-43C4-B556-1A72EB97396C}.Release|x64.Deploy.0 = Release|iPhone
		{FB18EB8F-9229-43C4-B556-1A72EB97396C}.Release|x86.ActiveCfg = Release|iPhone
		{FB18EB8F-9229-43C4-B556-1A72EB97396C}.Release|x86.Build.0 = Release|iPhone
		{FB18EB8F-9229-43C4-B556-1A72EB97396C}.Release|x86.Deploy.0 = Release|iPhone
		{4C0A0D99-C6E8-45BF-A0C1-E2C1E5D9445E}.Ad-Hoc|Any CPU.ActiveCfg = Release|x86
		{4C0A0D99-C6E8-45BF-A0C1-E2C1E5D9445E}.Ad-Hoc|Any CPU.Build.0 = Release|x86
		{4C0A0D99-C6E8-45BF-A0C1-E2C1E5D9445E}.Ad-Hoc|Any CPU.Deploy.0 = Release|x86
		{4C0A0D99-C6E8-45BF-A0C1-E2C1E5D9445E}.Ad-Hoc|ARM.ActiveCfg = Release|ARM
		{4C0A0D99-C6E8-45BF-A0C1-E2C1E5D9445E}.Ad-Hoc|ARM.Build.0 = Release|ARM
		{4C0A0D99-C6E8-45BF-A0C1-E2C1E5D9445E}.Ad-Hoc|ARM.Deploy.0 = Release|ARM
		{4C0A0D99-C6E8-45BF-A0C1-E2C1E5D9445E}.Ad-Hoc|iPhone.ActiveCfg = Release|x86
		{4C0A0D99-C6E8-45BF-A0C1-E2C1E5D9445E}.Ad-Hoc|iPhone.Build.0 = Release|x86
		{4C0A0D99-C6E8-45BF-A0C1-E2C1E5D9445E}.Ad-Hoc|iPhone.Deploy.0 = Release|x86
		{4C0A0D99-C6E8-45BF-A0C1-E2C1E5D9445E}.Ad-Hoc|iPhoneSimulator.ActiveCfg = Release|x86
		{4C0A0D99-C6E8-45BF-A0C1-E2C1E5D9445E}.Ad-Hoc|iPhoneSimulator.Build.0 = Release|x86
		{4C0A0D99-C6E8-45BF-A0C1-E2C1E5D9445E}.Ad-Hoc|iPhoneSimulator.Deploy.0 = Release|x86
		{4C0A0D99-C6E8-45BF-A0C1-E2C1E5D9445E}.Ad-Hoc|x64.ActiveCfg = Release|x64
		{4C0A0D99-C6E8-45BF-A0C1-E2C1E5D9445E}.Ad-Hoc|x64.Build.0 = Release|x64
		{4C0A0D99-C6E8-45BF-A0C1-E2C1E5D9445E}.Ad-Hoc|x64.Deploy.0 = Release|x64
		{4C0A0D99-C6E8-45BF-A0C1-E2C1E5D9445E}.Ad-Hoc|x86.ActiveCfg = Release|x86
		{4C0A0D99-C6E8-45BF-A0C1-E2C1E5D9445E}.Ad-Hoc|x86.Build.0 = Release|x86
		{4C0A0D99-C6E8-45BF-A0C1-E2C1E5D9445E}.Ad-Hoc|x86.Deploy.0 = Release|x86
		{4C0A0D99-C6E8-45BF-A0C1-E2C1E5D9445E}.AppStore|Any CPU.ActiveCfg = Release|x86
		{4C0A0D99-C6E8-45BF-A0C1-E2C1E5D9445E}.AppStore|Any CPU.Build.0 = Release|x86
		{4C0A0D99-C6E8-45BF-A0C1-E2C1E5D9445E}.AppStore|Any CPU.Deploy.0 = Release|x86
		{4C0A0D99-C6E8-45BF-A0C1-E2C1E5D9445E}.AppStore|ARM.ActiveCfg = Release|ARM
		{4C0A0D99-C6E8-45BF-A0C1-E2C1E5D9445E}.AppStore|ARM.Build.0 = Release|ARM
		{4C0A0D99-C6E8-45BF-A0C1-E2C1E5D9445E}.AppStore|ARM.Deploy.0 = Release|ARM
		{4C0A0D99-C6E8-45BF-A0C1-E2C1E5D9445E}.AppStore|iPhone.ActiveCfg = Release|x86
		{4C0A0D99-C6E8-45BF-A0C1-E2C1E5D9445E}.AppStore|iPhone.Build.0 = Release|x86
		{4C0A0D99-C6E8-45BF-A0C1-E2C1E5D9445E}.AppStore|iPhone.Deploy.0 = Release|x86
		{4C0A0D99-C6E8-45BF-A0C1-E2C1E5D9445E}.AppStore|iPhoneSimulator.ActiveCfg = Release|x86
		{4C0A0D99-C6E8-45BF-A0C1-E2C1E5D9445E}.AppStore|iPhoneSimulator.Build.0 = Release|x86
		{4C0A0D99-C6E8-45BF-A0C1-E2C1E5D9445E}.AppStore|iPhoneSimulator.Deploy.0 = Release|x86
		{4C0A0D99-C6E8-45BF-A0C1-E2C1E5D9445E}.AppStore|x64.ActiveCfg = Release|x64
		{4C0A0D99-C6E8-45BF-A0C1-E2C1E5D9445E}.AppStore|x64.Build.0 = Release|x64
		{4C0A0D99-C6E8-45BF-A0C1-E2C1E5D9445E}.AppStore|x64.Deploy.0 = Release|x64
		{4C0A0D99-C6E8-45BF-A0C1-E2C1E5D9445E}.AppStore|x86.ActiveCfg = Release|x86
		{4C0A0D99-C6E8-45BF-A0C1-E2C1E5D9445E}.AppStore|x86.Build.0 = Release|x86
		{4C0A0D99-C6E8-45BF-A0C1-E2C1E5D9445E}.AppStore|x86.Deploy.0 = Release|x86
		{4C0A0D99-C6E8-45BF-A0C1-E2C1E5D9445E}.Debug|Any CPU.ActiveCfg = Debug|x86
		{4C0A0D99-C6E8-45BF-A0C1-E2C1E5D9445E}.Debug|Any CPU.Build.0 = Debug|x86
		{4C0A0D99-C6E8-45BF-A0C1-E2C1E5D9445E}.Debug|Any CPU.Deploy.0 = Debug|x86
		{4C0A0D99-C6E8-45BF-A0C1-E2C1E5D9445E}.Debug|ARM.ActiveCfg = Debug|ARM
		{4C0A0D99-C6E8-45BF-A0C1-E2C1E5D9445E}.Debug|ARM.Build.0 = Debug|ARM
		{4C0A0D99-C6E8-45BF-A0C1-E2C1E5D9445E}.Debug|ARM.Deploy.0 = Debug|ARM
		{4C0A0D99-C6E8-45BF-A0C1-E2C1E5D9445E}.Debug|iPhone.ActiveCfg = Debug|x86
		{4C0A0D99-C6E8-45BF-A0C1-E2C1E5D9445E}.Debug|iPhone.Build.0 = Debug|x86
		{4C0A0D99-C6E8-45BF-A0C1-E2C1E5D9445E}.Debug|iPhone.Deploy.0 = Debug|x86
		{4C0A0D99-C6E8-45BF-A0C1-E2C1E5D9445E}.Debug|iPhoneSimulator.ActiveCfg = Debug|x86
		{4C0A0D99-C6E8-45BF-A0C1-E2C1E5D9445E}.Debug|iPhoneSimulator.Build.0 = Debug|x86
		{4C0A0D99-C6E8-45BF-A0C1-E2C1E5D9445E}.Debug|iPhoneSimulator.Deploy.0 = Debug|x86
		{4C0A0D99-C6E8-45BF-A0C1-E2C1E5D9445E}.Debug|x64.ActiveCfg = Debug|x64
		{4C0A0D99-C6E8-45BF-A0C1-E2C1E5D9445E}.Debug|x64.Build.0 = Debug|x64
		{4C0A0D99-C6E8-45BF-A0C1-E2C1E5D9445E}.Debug|x64.Deploy.0 = Debug|x64
		{4C0A0D99-C6E8-45BF-A0C1-E2C1E5D9445E}.Debug|x86.ActiveCfg = Debug|x86
		{4C0A0D99-C6E8-45BF-A0C1-E2C1E5D9445E}.Debug|x86.Build.0 = Debug|x86
		{4C0A0D99-C6E8-45BF-A0C1-E2C1E5D9445E}.Debug|x86.Deploy.0 = Debug|x86
		{4C0A0D99-C6E8-45BF-A0C1-E2C1E5D9445E}.Release|Any CPU.ActiveCfg = Release|x86
		{4C0A0D99-C6E8-45BF-A0C1-E2C1E5D9445E}.Release|Any CPU.Build.0 = Release|x86
		{4C0A0D99-C6E8-45BF-A0C1-E2C1E5D9445E}.Release|Any CPU.Deploy.0 = Release|x86
		{4C0A0D99-C6E8-45BF-A0C1-E2C1E5D9445E}.Release|ARM.ActiveCfg = Release|ARM
		{4C0A0D99-C6E8-45BF-A0C1-E2C1E5D9445E}.Release|ARM.Build.0 = Release|ARM
		{4C0A0D99-C6E8-45BF-A0C1-E2C1E5D9445E}.Release|ARM.Deploy.0 = Release|ARM
		{4C0A0D99-C6E8-45BF-A0C1-E2C1E5D9445E}.Release|iPhone.ActiveCfg = Release|x86
		{4C0A0D99-C6E8-45BF-A0C1-E2C1E5D9445E}.Release|iPhone.Build.0 = Release|x86
		{4C0A0D99-C6E8-45BF-A0C1-E2C1E5D9445E}.Release|iPhone.Deploy.0 = Release|x86
		{4C0A0D99-C6E8-45BF-A0C1-E2C1E5D9445E}.Release|iPhoneSimulator.ActiveCfg = Release|x86
		{4C0A0D99-C6E8-45BF-A0C1-E2C1E5D9445E}.Release|iPhoneSimulator.Build.0 = Release|x86
		{4C0A0D99-C6E8-45BF-A0C1-E2C1E5D9445E}.Release|iPhoneSimulator.Deploy.0 = Release|x86
		{4C0A0D99-C6E8-45BF-A0C1-E2C1E5D9445E}.Release|x64.ActiveCfg = Release|x64
		{4C0A0D99-C6E8-45BF-A0C1-E2C1E5D9445E}.Release|x64.Build.0 = Release|x64
		{4C0A0D99-C6E8-45BF-A0C1-E2C1E5D9445E}.Release|x64.Deploy.0 = Release|x64
		{4C0A0D99-C6E8-45BF-A0C1-E2C1E5D9445E}.Release|x86.ActiveCfg = Release|x86
		{4C0A0D99-C6E8-45BF-A0C1-E2C1E5D9445E}.Release|x86.Build.0 = Release|x86
		{4C0A0D99-C6E8-45BF-A0C1-E2C1E5D9445E}.Release|x86.Deploy.0 = Release|x86
		{0486A4A9-5C8A-4331-84D9-1A29BA1A4AAE}.Ad-Hoc|Any CPU.ActiveCfg = Debug|Any CPU
		{0486A4A9-5C8A-4331-84D9-1A29BA1A4AAE}.Ad-Hoc|Any CPU.Build.0 = Debug|Any CPU
		{0486A4A9-5C8A-4331-84D9-1A29BA1A4AAE}.Ad-Hoc|Any CPU.Deploy.0 = Debug|Any CPU
		{0486A4A9-5C8A-4331-84D9-1A29BA1A4AAE}.Ad-Hoc|ARM.ActiveCfg = Debug|Any CPU
		{0486A4A9-5C8A-4331-84D9-1A29BA1A4AAE}.Ad-Hoc|ARM.Build.0 = Debug|Any CPU
		{0486A4A9-5C8A-4331-84D9-1A29BA1A4AAE}.Ad-Hoc|ARM.Deploy.0 = Debug|Any CPU
		{0486A4A9-5C8A-4331-84D9-1A29BA1A4AAE}.Ad-Hoc|iPhone.ActiveCfg = Debug|Any CPU
		{0486A4A9-5C8A-4331-84D9-1A29BA1A4AAE}.Ad-Hoc|iPhone.Build.0 = Debug|Any CPU
		{0486A4A9-5C8A-4331-84D9-1A29BA1A4AAE}.Ad-Hoc|iPhone.Deploy.0 = Debug|Any CPU
		{0486A4A9-5C8A-4331-84D9-1A29BA1A4AAE}.Ad-Hoc|iPhoneSimulator.ActiveCfg = Debug|Any CPU
		{0486A4A9-5C8A-4331-84D9-1A29BA1A4AAE}.Ad-Hoc|iPhoneSimulator.Build.0 = Debug|Any CPU
		{0486A4A9-5C8A-4331-84D9-1A29BA1A4AAE}.Ad-Hoc|iPhoneSimulator.Deploy.0 = Debug|Any CPU
		{0486A4A9-5C8A-4331-84D9-1A29BA1A4AAE}.Ad-Hoc|x64.ActiveCfg = Debug|Any CPU
		{0486A4A9-5C8A-4331-84D9-1A29BA1A4AAE}.Ad-Hoc|x64.Build.0 = Debug|Any CPU
		{0486A4A9-5C8A-4331-84D9-1A29BA1A4AAE}.Ad-Hoc|x64.Deploy.0 = Debug|Any CPU
		{0486A4A9-5C8A-4331-84D9-1A29BA1A4AAE}.Ad-Hoc|x86.ActiveCfg = Debug|Any CPU
		{0486A4A9-5C8A-4331-84D9-1A29BA1A4AAE}.Ad-Hoc|x86.Build.0 = Debug|Any CPU
		{0486A4A9-5C8A-4331-84D9-1A29BA1A4AAE}.Ad-Hoc|x86.Deploy.0 = Debug|Any CPU
		{0486A4A9-5C8A-4331-84D9-1A29BA1A4AAE}.AppStore|Any CPU.ActiveCfg = Debug|Any CPU
		{0486A4A9-5C8A-4331-84D9-1A29BA1A4AAE}.AppStore|Any CPU.Build.0 = Debug|Any CPU
		{0486A4A9-5C8A-4331-84D9-1A29BA1A4AAE}.AppStore|Any CPU.Deploy.0 = Debug|Any CPU
		{0486A4A9-5C8A-4331-84D9-1A29BA1A4AAE}.AppStore|ARM.ActiveCfg = Debug|Any CPU
		{0486A4A9-5C8A-4331-84D9-1A29BA1A4AAE}.AppStore|ARM.Build.0 = Debug|Any CPU
		{0486A4A9-5C8A-4331-84D9-1A29BA1A4AAE}.AppStore|ARM.Deploy.0 = Debug|Any CPU
		{0486A4A9-5C8A-4331-84D9-1A29BA1A4AAE}.AppStore|iPhone.ActiveCfg = Debug|Any CPU
		{0486A4A9-5C8A-4331-84D9-1A29BA1A4AAE}.AppStore|iPhone.Build.0 = Debug|Any CPU
		{0486A4A9-5C8A-4331-84D9-1A29BA1A4AAE}.AppStore|iPhone.Deploy.0 = Debug|Any CPU
		{0486A4A9-5C8A-4331-84D9-1A29BA1A4AAE}.AppStore|iPhoneSimulator.ActiveCfg = Debug|Any CPU
		{0486A4A9-5C8A-4331-84D9-1A29BA1A4AAE}.AppStore|iPhoneSimulator.Build.0 = Debug|Any CPU
		{0486A4A9-5C8A-4331-84D9-1A29BA1A4AAE}.AppStore|iPhoneSimulator.Deploy.0 = Debug|Any CPU
		{0486A4A9-5C8A-4331-84D9-1A29BA1A4AAE}.AppStore|x64.ActiveCfg = Debug|Any CPU
		{0486A4A9-5C8A-4331-84D9-1A29BA1A4AAE}.AppStore|x64.Build.0 = Debug|Any CPU
		{0486A4A9-5C8A-4331-84D9-1A29BA1A4AAE}.AppStore|x64.Deploy.0 = Debug|Any CPU
		{0486A4A9-5C8A-4331-84D9-1A29BA1A4AAE}.AppStore|x86.ActiveCfg = Debug|Any CPU
		{0486A4A9-5C8A-4331-84D9-1A29BA1A4AAE}.AppStore|x86.Build.0 = Debug|Any CPU
		{0486A4A9-5C8A-4331-84D9-1A29BA1A4AAE}.AppStore|x86.Deploy.0 = Debug|Any CPU
		{0486A4A9-5C8A-4331-84D9-1A29BA1A4AAE}.Debug|Any CPU.ActiveCfg = Debug|Any CPU
		{0486A4A9-5C8A-4331-84D9-1A29BA1A4AAE}.Debug|Any CPU.Build.0 = Debug|Any CPU
		{0486A4A9-5C8A-4331-84D9-1A29BA1A4AAE}.Debug|Any CPU.Deploy.0 = Debug|Any CPU
		{0486A4A9-5C8A-4331-84D9-1A29BA1A4AAE}.Debug|ARM.ActiveCfg = Debug|Any CPU
		{0486A4A9-5C8A-4331-84D9-1A29BA1A4AAE}.Debug|ARM.Build.0 = Debug|Any CPU
		{0486A4A9-5C8A-4331-84D9-1A29BA1A4AAE}.Debug|ARM.Deploy.0 = Debug|Any CPU
		{0486A4A9-5C8A-4331-84D9-1A29BA1A4AAE}.Debug|iPhone.ActiveCfg = Debug|Any CPU
		{0486A4A9-5C8A-4331-84D9-1A29BA1A4AAE}.Debug|iPhone.Build.0 = Debug|Any CPU
		{0486A4A9-5C8A-4331-84D9-1A29BA1A4AAE}.Debug|iPhone.Deploy.0 = Debug|Any CPU
		{0486A4A9-5C8A-4331-84D9-1A29BA1A4AAE}.Debug|iPhoneSimulator.ActiveCfg = Debug|Any CPU
		{0486A4A9-5C8A-4331-84D9-1A29BA1A4AAE}.Debug|iPhoneSimulator.Build.0 = Debug|Any CPU
		{0486A4A9-5C8A-4331-84D9-1A29BA1A4AAE}.Debug|iPhoneSimulator.Deploy.0 = Debug|Any CPU
		{0486A4A9-5C8A-4331-84D9-1A29BA1A4AAE}.Debug|x64.ActiveCfg = Debug|Any CPU
		{0486A4A9-5C8A-4331-84D9-1A29BA1A4AAE}.Debug|x64.Build.0 = Debug|Any CPU
		{0486A4A9-5C8A-4331-84D9-1A29BA1A4AAE}.Debug|x64.Deploy.0 = Debug|Any CPU
		{0486A4A9-5C8A-4331-84D9-1A29BA1A4AAE}.Debug|x86.ActiveCfg = Debug|Any CPU
		{0486A4A9-5C8A-4331-84D9-1A29BA1A4AAE}.Debug|x86.Build.0 = Debug|Any CPU
		{0486A4A9-5C8A-4331-84D9-1A29BA1A4AAE}.Debug|x86.Deploy.0 = Debug|Any CPU
		{0486A4A9-5C8A-4331-84D9-1A29BA1A4AAE}.Release|Any CPU.ActiveCfg = Release|Any CPU
		{0486A4A9-5C8A-4331-84D9-1A29BA1A4AAE}.Release|Any CPU.Build.0 = Release|Any CPU
		{0486A4A9-5C8A-4331-84D9-1A29BA1A4AAE}.Release|Any CPU.Deploy.0 = Release|Any CPU
		{0486A4A9-5C8A-4331-84D9-1A29BA1A4AAE}.Release|ARM.ActiveCfg = Release|Any CPU
		{0486A4A9-5C8A-4331-84D9-1A29BA1A4AAE}.Release|ARM.Build.0 = Release|Any CPU
		{0486A4A9-5C8A-4331-84D9-1A29BA1A4AAE}.Release|ARM.Deploy.0 = Release|Any CPU
		{0486A4A9-5C8A-4331-84D9-1A29BA1A4AAE}.Release|iPhone.ActiveCfg = Release|Any CPU
		{0486A4A9-5C8A-4331-84D9-1A29BA1A4AAE}.Release|iPhone.Build.0 = Release|Any CPU
		{0486A4A9-5C8A-4331-84D9-1A29BA1A4AAE}.Release|iPhone.Deploy.0 = Release|Any CPU
		{0486A4A9-5C8A-4331-84D9-1A29BA1A4AAE}.Release|iPhoneSimulator.ActiveCfg = Release|Any CPU
		{0486A4A9-5C8A-4331-84D9-1A29BA1A4AAE}.Release|iPhoneSimulator.Build.0 = Release|Any CPU
		{0486A4A9-5C8A-4331-84D9-1A29BA1A4AAE}.Release|iPhoneSimulator.Deploy.0 = Release|Any CPU
		{0486A4A9-5C8A-4331-84D9-1A29BA1A4AAE}.Release|x64.ActiveCfg = Release|Any CPU
		{0486A4A9-5C8A-4331-84D9-1A29BA1A4AAE}.Release|x64.Build.0 = Release|Any CPU
		{0486A4A9-5C8A-4331-84D9-1A29BA1A4AAE}.Release|x64.Deploy.0 = Release|Any CPU
		{0486A4A9-5C8A-4331-84D9-1A29BA1A4AAE}.Release|x86.ActiveCfg = Release|Any CPU
		{0486A4A9-5C8A-4331-84D9-1A29BA1A4AAE}.Release|x86.Build.0 = Release|Any CPU
		{0486A4A9-5C8A-4331-84D9-1A29BA1A4AAE}.Release|x86.Deploy.0 = Release|Any CPU
	EndGlobalSection
	GlobalSection(SolutionProperties) = preSolution
		HideSolutionNode = FALSE
	EndGlobalSection
	GlobalSection(ExtensibilityGlobals) = postSolution
		SolutionGuid = {06FD7A49-74C7-49EC-B0F1-F11A60E00B07}
	EndGlobalSection
EndGlobal
